Microsoft Visual Studio Solution File, Format Version 12.00
# Visual Studio 15
VisualStudioVersion = 15.0.26730.3
MinimumVisualStudioVersion = 15.0.26124.0
Project("{9A19103F-16F7-4668-BE54-9A1E7A4F7556}") = "IFEN.CSharp.TestePratico", "IFEN.CSharp.TestePratico\IFEN.CSharp.TestePratico.csproj", "{E21F3231-BA06-425F-9890-09E7744ACDD4}"
EndProject
Project("{9A19103F-16F7-4668-BE54-9A1E7A4F7556}") = "IFEN.CSharp.TestePratico.Data", "IFEN.CSharp.TestePratico.Data\IFEN.CSharp.TestePratico.Data.csproj", "{CCBAB4B3-2DD4-440A-837F-BBE828F0F5ED}"
EndProject
Global
	GlobalSection(SolutionConfigurationPlatforms) = preSolution
		Debug|Any CPU = Debug|Any CPU
		Debug|x64 = Debug|x64
		Debug|x86 = Debug|x86
		Release|Any CPU = Release|Any CPU
		Release|x64 = Release|x64
		Release|x86 = Release|x86
	EndGlobalSection
	GlobalSection(ProjectConfigurationPlatforms) = postSolution
		{E21F3231-BA06-425F-9890-09E7744ACDD4}.Debug|Any CPU.ActiveCfg = Debug|Any CPU
		{E21F3231-BA06-425F-9890-09E7744ACDD4}.Debug|Any CPU.Build.0 = Debug|Any CPU
		{E21F3231-BA06-425F-9890-09E7744ACDD4}.Debug|x64.ActiveCfg = Debug|Any CPU
		{E21F3231-BA06-425F-9890-09E7744ACDD4}.Debug|x64.Build.0 = Debug|Any CPU
		{E21F3231-BA06-425F-9890-09E7744ACDD4}.Debug|x86.ActiveCfg = Debug|Any CPU
		{E21F3231-BA06-425F-9890-09E7744ACDD4}.Debug|x86.Build.0 = Debug|Any CPU
		{E21F3231-BA06-425F-9890-09E7744ACDD4}.Release|Any CPU.ActiveCfg = Release|Any CPU
		{E21F3231-BA06-425F-9890-09E7744ACDD4}.Release|Any CPU.Build.0 = Release|Any CPU
		{E21F3231-BA06-425F-9890-09E7744ACDD4}.Release|x64.ActiveCfg = Release|Any CPU
		{E21F3231-BA06-425F-9890-09E7744ACDD4}.Release|x64.Build.0 = Release|Any CPU
		{E21F3231-BA06-425F-9890-09E7744ACDD4}.Release|x86.ActiveCfg = Release|Any CPU
		{E21F3231-BA06-425F-9890-09E7744ACDD4}.Release|x86.Build.0 = Release|Any CPU
		{CCBAB4B3-2DD4-440A-837F-BBE828F0F5ED}.Debug|Any CPU.ActiveCfg = Debug|Any CPU
		{CCBAB4B3-2DD4-440A-837F-BBE828F0F5ED}.Debug|Any CPU.Build.0 = Debug|Any CPU
		{CCBAB4B3-2DD4-440A-837F-BBE828F0F5ED}.Debug|x64.ActiveCfg = Debug|Any CPU
		{CCBAB4B3-2DD4-440A-837F-BBE828F0F5ED}.Debug|x64.Build.0 = Debug|Any CPU
		{CCBAB4B3-2DD4-440A-837F-BBE828F0F5ED}.Debug|x86.ActiveCfg = Debug|Any CPU
		{CCBAB4B3-2DD4-440A-837F-BBE828F0F5ED}.Debug|x86.Build.0 = Debug|Any CPU
		{CCBAB4B3-2DD4-440A-837F-BBE828F0F5ED}.Release|Any CPU.ActiveCfg = Release|Any CPU
		{CCBAB4B3-2DD4-440A-837F-BBE828F0F5ED}.Release|Any CPU.Build.0 = Release|Any CPU
		{CCBAB4B3-2DD4-440A-837F-BBE828F0F5ED}.Release|x64.ActiveCfg = Release|Any CPU
		{CCBAB4B3-2DD4-440A-837F-BBE828F0F5ED}.Release|x64.Build.0 = Release|Any CPU
		{CCBAB4B3-2DD4-440A-837F-BBE828F0F5ED}.Release|x86.ActiveCfg = Release|Any CPU
		{CCBAB4B3-2DD4-440A-837F-BBE828F0F5ED}.Release|x86.Build.0 = Release|Any CPU
	EndGlobalSection
	GlobalSection(SolutionProperties) = preSolution
		HideSolutionNode = FALSE
	EndGlobalSection
	GlobalSection(ExtensibilityGlobals) = postSolution
		SolutionGuid = {D9E2B89B-1880-40F1-BC57-82F480369CB9}
	EndGlobalSection
EndGlobal
